<Solution>
  <Folder Name="/src/">
    <Project Path="src/GetDue.API/GetDue.API.csproj" />
    <Project Path="src/GetDue.Application/GetDue.Application.csproj" />
    <Project Path="src/GetDue.Domain/GetDue.Domain.csproj" />
    <Project Path="src/GetDue.Infrastructure/GetDue.Infrastructure.csproj" />
  </Folder>
</Solution>
